
Microsoft Visual Studio Solution File, Format Version 12.00
Project("{2150E333-8FDC-42A3-9474-1A3956D46DE8}") = "Database", "Database", "{CBF1FBCF-FD07-4157-AD05-758FCE100533}"
EndProject
Project("{FAE04EC0-301F-11D3-BF4B-00C04F79EFBC}") = "Server.Core", "Database\Server\Server.Core\Server.Core.csproj", "{33A5651C-9316-46F9-A136-98336581D1BE}"
EndProject
Project("{2150E333-8FDC-42A3-9474-1A3956D46DE8}") = "Server", "Server", "{5C49F568-F575-4889-A1EE-30A76EE326BC}"
EndProject
Project("{FAE04EC0-301F-11D3-BF4B-00C04F79EFBC}") = "Server.Tcp", "Database\Server\Server.Tcp\Server.Tcp.csproj", "{801ED3C8-C872-485A-A93F-F292183956E5}"
EndProject
Project("{FAE04EC0-301F-11D3-BF4B-00C04F79EFBC}") = "Enums", "Database\Enums\Enums.csproj", "{3001E00B-300B-4908-8A5F-908B1B4BE514}"
EndProject
Project("{FAE04EC0-301F-11D3-BF4B-00C04F79EFBC}") = "Exceptions", "Database\Exceptions\Exceptions.csproj", "{F47764C0-42F6-4642-9353-410ABF9E78FB}"
EndProject
Project("{2150E333-8FDC-42A3-9474-1A3956D46DE8}") = "Db", "Db", "{637F5807-78B7-4F5C-B76D-D0EA5F08E7DE}"
EndProject
Project("{FAE04EC0-301F-11D3-BF4B-00C04F79EFBC}") = "Db.Core", "Database\Db\Db.Core\Db.Core.csproj", "{0ECDB2CA-C730-4659-B398-384AA5AE28A0}"
EndProject
Project("{FAE04EC0-301F-11D3-BF4B-00C04F79EFBC}") = "Db.Records", "Database\Db\Db.Records\Db.Records.csproj", "{B338682C-8573-4192-B65C-C0F685CEA8F2}"
EndProject
Project("{FAE04EC0-301F-11D3-BF4B-00C04F79EFBC}") = "Utils", "Database\Utils\Utils.csproj", "{B759581F-B86F-4F52-ABE7-32694DD16D6F}"
EndProject
Project("{FAE04EC0-301F-11D3-BF4B-00C04F79EFBC}") = "EntryPoint", "Database\EntryPoint\EntryPoint.csproj", "{DA131DF1-8B48-4473-8EAC-6AB0B3B70570}"
EndProject
Project("{FAE04EC0-301F-11D3-BF4B-00C04F79EFBC}") = "Sql", "Database\Db\Sql\Sql.csproj", "{0DC4005C-C1AC-4F63-866B-E395813EDB3C}"
EndProject
Project("{2150E333-8FDC-42A3-9474-1A3956D46DE8}") = "Testing", "Testing", "{84C6E30A-F673-4637-B131-38FAD2209283}"
EndProject
Project("{FAE04EC0-301F-11D3-BF4B-00C04F79EFBC}") = "TestingClient", "Testing\TestingClient\TestingClient.csproj", "{E78E2C05-AA2D-4C2C-8E2F-06DFBBC4B297}"
EndProject
Project("{2150E333-8FDC-42A3-9474-1A3956D46DE8}") = "ClientLibrary", "ClientLibrary", "{AEA2430B-D5C8-4F6E-BE2F-E2507E29C44E}"
EndProject
Project("{FAE04EC0-301F-11D3-BF4B-00C04F79EFBC}") = "Deltabase.Driver", "ClientLibrary\Deltabase.Driver\Deltabase.Driver.csproj", "{3AA0B83B-48F8-435C-A15A-8486CC71DE0C}"
EndProject
Global
	GlobalSection(SolutionConfigurationPlatforms) = preSolution
		Debug|Any CPU = Debug|Any CPU
		Release|Any CPU = Release|Any CPU
	EndGlobalSection
	GlobalSection(NestedProjects) = preSolution
		{5C49F568-F575-4889-A1EE-30A76EE326BC} = {CBF1FBCF-FD07-4157-AD05-758FCE100533}
		{33A5651C-9316-46F9-A136-98336581D1BE} = {5C49F568-F575-4889-A1EE-30A76EE326BC}
		{801ED3C8-C872-485A-A93F-F292183956E5} = {5C49F568-F575-4889-A1EE-30A76EE326BC}
		{3001E00B-300B-4908-8A5F-908B1B4BE514} = {CBF1FBCF-FD07-4157-AD05-758FCE100533}
		{F47764C0-42F6-4642-9353-410ABF9E78FB} = {CBF1FBCF-FD07-4157-AD05-758FCE100533}
		{637F5807-78B7-4F5C-B76D-D0EA5F08E7DE} = {CBF1FBCF-FD07-4157-AD05-758FCE100533}
		{0ECDB2CA-C730-4659-B398-384AA5AE28A0} = {637F5807-78B7-4F5C-B76D-D0EA5F08E7DE}
		{B338682C-8573-4192-B65C-C0F685CEA8F2} = {637F5807-78B7-4F5C-B76D-D0EA5F08E7DE}
		{B759581F-B86F-4F52-ABE7-32694DD16D6F} = {CBF1FBCF-FD07-4157-AD05-758FCE100533}
		{DA131DF1-8B48-4473-8EAC-6AB0B3B70570} = {CBF1FBCF-FD07-4157-AD05-758FCE100533}
		{0DC4005C-C1AC-4F63-866B-E395813EDB3C} = {637F5807-78B7-4F5C-B76D-D0EA5F08E7DE}
		{E78E2C05-AA2D-4C2C-8E2F-06DFBBC4B297} = {84C6E30A-F673-4637-B131-38FAD2209283}
		{3AA0B83B-48F8-435C-A15A-8486CC71DE0C} = {AEA2430B-D5C8-4F6E-BE2F-E2507E29C44E}
	EndGlobalSection
	GlobalSection(ProjectConfigurationPlatforms) = postSolution
		{33A5651C-9316-46F9-A136-98336581D1BE}.Debug|Any CPU.ActiveCfg = Debug|Any CPU
		{33A5651C-9316-46F9-A136-98336581D1BE}.Debug|Any CPU.Build.0 = Debug|Any CPU
		{33A5651C-9316-46F9-A136-98336581D1BE}.Release|Any CPU.ActiveCfg = Release|Any CPU
		{33A5651C-9316-46F9-A136-98336581D1BE}.Release|Any CPU.Build.0 = Release|Any CPU
		{801ED3C8-C872-485A-A93F-F292183956E5}.Debug|Any CPU.ActiveCfg = Debug|Any CPU
		{801ED3C8-C872-485A-A93F-F292183956E5}.Debug|Any CPU.Build.0 = Debug|Any CPU
		{801ED3C8-C872-485A-A93F-F292183956E5}.Release|Any CPU.ActiveCfg = Release|Any CPU
		{801ED3C8-C872-485A-A93F-F292183956E5}.Release|Any CPU.Build.0 = Release|Any CPU
		{3001E00B-300B-4908-8A5F-908B1B4BE514}.Debug|Any CPU.ActiveCfg = Debug|Any CPU
		{3001E00B-300B-4908-8A5F-908B1B4BE514}.Debug|Any CPU.Build.0 = Debug|Any CPU
		{3001E00B-300B-4908-8A5F-908B1B4BE514}.Release|Any CPU.ActiveCfg = Release|Any CPU
		{3001E00B-300B-4908-8A5F-908B1B4BE514}.Release|Any CPU.Build.0 = Release|Any CPU
		{F47764C0-42F6-4642-9353-410ABF9E78FB}.Debug|Any CPU.ActiveCfg = Debug|Any CPU
		{F47764C0-42F6-4642-9353-410ABF9E78FB}.Debug|Any CPU.Build.0 = Debug|Any CPU
		{F47764C0-42F6-4642-9353-410ABF9E78FB}.Release|Any CPU.ActiveCfg = Release|Any CPU
		{F47764C0-42F6-4642-9353-410ABF9E78FB}.Release|Any CPU.Build.0 = Release|Any CPU
		{0ECDB2CA-C730-4659-B398-384AA5AE28A0}.Debug|Any CPU.ActiveCfg = Debug|Any CPU
		{0ECDB2CA-C730-4659-B398-384AA5AE28A0}.Debug|Any CPU.Build.0 = Debug|Any CPU
		{0ECDB2CA-C730-4659-B398-384AA5AE28A0}.Release|Any CPU.ActiveCfg = Release|Any CPU
		{0ECDB2CA-C730-4659-B398-384AA5AE28A0}.Release|Any CPU.Build.0 = Release|Any CPU
		{B338682C-8573-4192-B65C-C0F685CEA8F2}.Debug|Any CPU.ActiveCfg = Debug|Any CPU
		{B338682C-8573-4192-B65C-C0F685CEA8F2}.Debug|Any CPU.Build.0 = Debug|Any CPU
		{B338682C-8573-4192-B65C-C0F685CEA8F2}.Release|Any CPU.ActiveCfg = Release|Any CPU
		{B338682C-8573-4192-B65C-C0F685CEA8F2}.Release|Any CPU.Build.0 = Release|Any CPU
		{B759581F-B86F-4F52-ABE7-32694DD16D6F}.Debug|Any CPU.ActiveCfg = Debug|Any CPU
		{B759581F-B86F-4F52-ABE7-32694DD16D6F}.Debug|Any CPU.Build.0 = Debug|Any CPU
		{B759581F-B86F-4F52-ABE7-32694DD16D6F}.Release|Any CPU.ActiveCfg = Release|Any CPU
		{B759581F-B86F-4F52-ABE7-32694DD16D6F}.Release|Any CPU.Build.0 = Release|Any CPU
		{DA131DF1-8B48-4473-8EAC-6AB0B3B70570}.Debug|Any CPU.ActiveCfg = Debug|Any CPU
		{DA131DF1-8B48-4473-8EAC-6AB0B3B70570}.Debug|Any CPU.Build.0 = Debug|Any CPU
		{DA131DF1-8B48-4473-8EAC-6AB0B3B70570}.Release|Any CPU.ActiveCfg = Release|Any CPU
		{DA131DF1-8B48-4473-8EAC-6AB0B3B70570}.Release|Any CPU.Build.0 = Release|Any CPU
		{0DC4005C-C1AC-4F63-866B-E395813EDB3C}.Debug|Any CPU.ActiveCfg = Debug|Any CPU
		{0DC4005C-C1AC-4F63-866B-E395813EDB3C}.Debug|Any CPU.Build.0 = Debug|Any CPU
		{0DC4005C-C1AC-4F63-866B-E395813EDB3C}.Release|Any CPU.ActiveCfg = Release|Any CPU
		{0DC4005C-C1AC-4F63-866B-E395813EDB3C}.Release|Any CPU.Build.0 = Release|Any CPU
		{E78E2C05-AA2D-4C2C-8E2F-06DFBBC4B297}.Debug|Any CPU.ActiveCfg = Debug|Any CPU
		{E78E2C05-AA2D-4C2C-8E2F-06DFBBC4B297}.Debug|Any CPU.Build.0 = Debug|Any CPU
		{E78E2C05-AA2D-4C2C-8E2F-06DFBBC4B297}.Release|Any CPU.ActiveCfg = Release|Any CPU
		{E78E2C05-AA2D-4C2C-8E2F-06DFBBC4B297}.Release|Any CPU.Build.0 = Release|Any CPU
		{3AA0B83B-48F8-435C-A15A-8486CC71DE0C}.Debug|Any CPU.ActiveCfg = Debug|Any CPU
		{3AA0B83B-48F8-435C-A15A-8486CC71DE0C}.Debug|Any CPU.Build.0 = Debug|Any CPU
		{3AA0B83B-48F8-435C-A15A-8486CC71DE0C}.Release|Any CPU.ActiveCfg = Release|Any CPU
		{3AA0B83B-48F8-435C-A15A-8486CC71DE0C}.Release|Any CPU.Build.0 = Release|Any CPU
	EndGlobalSection
EndGlobal
